#include <stdio.h>
#include <math.h>

int main(void)
{
	int i, n;
	float polinomio[10], valorX;
	double resultado = 0;

	printf("Ingresa el numero de coeficcientes: \a");
	scanf_s("%i", &n);
	
	for (i = 0; i < n; i++)
	{
		printf("\nIntroduzca el coeficiente del polinomio x^^%i\n", i);
		scanf_s("%f", &polinomio[i]);
	}
	
	printf("\nDigite el valor de X en el que quiere valuar la funcion: ");
	scanf_s("%f", &valorX);
	
	for (i = 0; i < n; i++)
	{
		resultado = resultado + (pow(valorX, 1) * polinomio[i]);
	}
	
